
Microsoft Visual Studio Solution File, Format Version 12.00
# Visual Studio Version 16
VisualStudioVersion = 16.0.31321.278
MinimumVisualStudioVersion = 10.0.40219.1
Project("{FAE04EC0-301F-11D3-BF4B-00C04F79EFBC}") = "ComprobacionDTO", "ComprobacionDTO.csproj", "{8B655A08-4EA4-4967-A810-3FD575DDBA8C}"
EndProject
Global
	GlobalSection(SolutionConfigurationPlatforms) = preSolution
		Debug|Any CPU = Debug|Any CPU
		Release|Any CPU = Release|Any CPU
	EndGlobalSection
	GlobalSection(ProjectConfigurationPlatforms) = postSolution
		{8B655A08-4EA4-4967-A810-3FD575DDBA8C}.Debug|Any CPU.ActiveCfg = Debug|Any CPU
		{8B655A08-4EA4-4967-A810-3FD575DDBA8C}.Debug|Any CPU.Build.0 = Debug|Any CPU
		{8B655A08-4EA4-4967-A810-3FD575DDBA8C}.Release|Any CPU.ActiveCfg = Release|Any CPU
		{8B655A08-4EA4-4967-A810-3FD575DDBA8C}.Release|Any CPU.Build.0 = Release|Any CPU
	EndGlobalSection
	GlobalSection(SolutionProperties) = preSolution
		HideSolutionNode = FALSE
	EndGlobalSection
	GlobalSection(ExtensibilityGlobals) = postSolution
		SolutionGuid = {5EF2C946-A018-4A24-A06B-9E3624732B74}
	EndGlobalSection
EndGlobal
